
Microsoft Visual Studio Solution File, Format Version 12.00
# Visual Studio Version 16
VisualStudioVersion = 16.0.29411.108
MinimumVisualStudioVersion = 10.0.40219.1
Project("{9A19103F-16F7-4668-BE54-9A1E7A4F7556}") = "Halforbit.RecordStreams", "Halforbit.RecordStreams\Halforbit.RecordStreams.csproj", "{AB8E65D0-8A14-4161-9747-BB45DD2E366B}"
EndProject
Project("{9A19103F-16F7-4668-BE54-9A1E7A4F7556}") = "Halforbit.RecordStreams.BlobStorage", "Halforbit.RecordStreams.BlobStorage\Halforbit.RecordStreams.BlobStorage.csproj", "{F83AF510-73A0-4A39-9DA8-813959C801B1}"
EndProject
Project("{9A19103F-16F7-4668-BE54-9A1E7A4F7556}") = "Halforbit.RecordStreams.BlobStorage.Tests", "Halforbit.RecordStreams.BlobStorage.Tests\Halforbit.RecordStreams.BlobStorage.Tests.csproj", "{0DEF0EBC-D9FE-4590-8FF5-66EA9E7BEFF3}"
EndProject
Project("{FAE04EC0-301F-11D3-BF4B-00C04F79EFBC}") = "Halforbit.RecordStreams.Serialization.Tests", "Halforbit.RecordStreams.Serialization.Tests\Halforbit.RecordStreams.Serialization.Tests.csproj", "{83CFBAB3-8E6B-4A73-B530-2216218BBD45}"
EndProject
Global
	GlobalSection(SolutionConfigurationPlatforms) = preSolution
		Debug|Any CPU = Debug|Any CPU
		Release|Any CPU = Release|Any CPU
	EndGlobalSection
	GlobalSection(ProjectConfigurationPlatforms) = postSolution
		{AB8E65D0-8A14-4161-9747-BB45DD2E366B}.Debug|Any CPU.ActiveCfg = Debug|Any CPU
		{AB8E65D0-8A14-4161-9747-BB45DD2E366B}.Debug|Any CPU.Build.0 = Debug|Any CPU
		{AB8E65D0-8A14-4161-9747-BB45DD2E366B}.Release|Any CPU.ActiveCfg = Release|Any CPU
		{AB8E65D0-8A14-4161-9747-BB45DD2E366B}.Release|Any CPU.Build.0 = Release|Any CPU
		{F83AF510-73A0-4A39-9DA8-813959C801B1}.Debug|Any CPU.ActiveCfg = Debug|Any CPU
		{F83AF510-73A0-4A39-9DA8-813959C801B1}.Debug|Any CPU.Build.0 = Debug|Any CPU
		{F83AF510-73A0-4A39-9DA8-813959C801B1}.Release|Any CPU.ActiveCfg = Release|Any CPU
		{F83AF510-73A0-4A39-9DA8-813959C801B1}.Release|Any CPU.Build.0 = Release|Any CPU
		{0DEF0EBC-D9FE-4590-8FF5-66EA9E7BEFF3}.Debug|Any CPU.ActiveCfg = Debug|Any CPU
		{0DEF0EBC-D9FE-4590-8FF5-66EA9E7BEFF3}.Debug|Any CPU.Build.0 = Debug|Any CPU
		{0DEF0EBC-D9FE-4590-8FF5-66EA9E7BEFF3}.Release|Any CPU.ActiveCfg = Release|Any CPU
		{0DEF0EBC-D9FE-4590-8FF5-66EA9E7BEFF3}.Release|Any CPU.Build.0 = Release|Any CPU
		{83CFBAB3-8E6B-4A73-B530-2216218BBD45}.Debug|Any CPU.ActiveCfg = Debug|Any CPU
		{83CFBAB3-8E6B-4A73-B530-2216218BBD45}.Debug|Any CPU.Build.0 = Debug|Any CPU
		{83CFBAB3-8E6B-4A73-B530-2216218BBD45}.Release|Any CPU.ActiveCfg = Release|Any CPU
		{83CFBAB3-8E6B-4A73-B530-2216218BBD45}.Release|Any CPU.Build.0 = Release|Any CPU
	EndGlobalSection
	GlobalSection(SolutionProperties) = preSolution
		HideSolutionNode = FALSE
	EndGlobalSection
	GlobalSection(ExtensibilityGlobals) = postSolution
		SolutionGuid = {427AEA4D-EB61-4515-9CA0-7DF3DA275F45}
	EndGlobalSection
EndGlobal
